// !$*UTF8*$!
{
	archiveVersion = 1;
	classes = {
	};
	objectVersion = 56;
	objects = {

/* Begin PBXBuildFile section */
		6B37AAC02AB630F000C9EB8D /* SearchResultTableViewCell.swift in Sources */ = {isa = PBXBuildFile; fileRef = 6B37AABF2AB630F000C9EB8D /* SearchResultTableViewCell.swift */; };
		6BFAC52B2AB569DC0025361B /* AppDelegate.swift in Sources */ = {isa = PBXBuildFile; fileRef = 6BFAC52A2AB569DC0025361B /* AppDelegate.swift */; };
		6BFAC52D2AB569DC0025361B /* SceneDelegate.swift in Sources */ = {isa = PBXBuildFile; fileRef = 6BFAC52C2AB569DC0025361B /* SceneDelegate.swift */; };
		6BFAC52F2AB569DC0025361B /* SearchViewController.swift in Sources */ = {isa = PBXBuildFile; fileRef = 6BFAC52E2AB569DC0025361B /* SearchViewController.swift */; };
		6BFAC5322AB569DC0025361B /* Main.storyboard in Resources */ = {isa = PBXBuildFile; fileRef = 6BFAC5302AB569DC0025361B /* Main.storyboard */; };
		6BFAC5342AB569DE0025361B /* Assets.xcassets in Resources */ = {isa = PBXBuildFile; fileRef = 6BFAC5332AB569DE0025361B /* Assets.xcassets */; };
		6BFAC5372AB569DE0025361B /* LaunchScreen.storyboard in Resources */ = {isa = PBXBuildFile; fileRef = 6BFAC5352AB569DE0025361B /* LaunchScreen.storyboard */; };
		6BFAC5402AB57FD30025361B /* SnapKit in Frameworks */ = {isa = PBXBuildFile; productRef = 6BFAC53F2AB57FD30025361B /* SnapKit */; };
		6BFAC5432AB57FDC0025361B /* Then in Frameworks */ = {isa = PBXBuildFile; productRef = 6BFAC5422AB57FDC0025361B /* Then */; };
		6BFAC5452AB582230025361B /* TabBarController.swift in Sources */ = {isa = PBXBuildFile; fileRef = 6BFAC5442AB582230025361B /* TabBarController.swift */; };
		6BFAC5482AB597A60025361B /* SearchResultViewController.swift in Sources */ = {isa = PBXBuildFile; fileRef = 6BFAC5472AB597A60025361B /* SearchResultViewController.swift */; };
		6BFAC54A2AB598D90025361B /* API.swift in Sources */ = {isa = PBXBuildFile; fileRef = 6BFAC5492AB598D90025361B /* API.swift */; };
		6BFAC54C2AB5C0F70025361B /* RecentSearchTextTableViewCell.swift in Sources */ = {isa = PBXBuildFile; fileRef = 6BFAC54B2AB5C0F70025361B /* RecentSearchTextTableViewCell.swift */; };
		6BFAC54E2AB5C1150025361B /* CellIdentifier.swift in Sources */ = {isa = PBXBuildFile; fileRef = 6BFAC54D2AB5C1150025361B /* CellIdentifier.swift */; };
		6BFAC5512AB5D5550025361B /* UserDefaults+.swift in Sources */ = {isa = PBXBuildFile; fileRef = 6BFAC5502AB5D5550025361B /* UserDefaults+.swift */; };
		6BFAC5592AB5D6AA0025361B /* KAppStoreSearchTests.swift in Sources */ = {isa = PBXBuildFile; fileRef = 6BFAC5582AB5D6AA0025361B /* KAppStoreSearchTests.swift */; };
		6BFAC55F2AB5D7610025361B /* UserDefaults+.swift in Sources */ = {isa = PBXBuildFile; fileRef = 6BFAC5502AB5D5550025361B /* UserDefaults+.swift */; };
/* End PBXBuildFile section */

/* Begin PBXContainerItemProxy section */
		6BFAC55A2AB5D6AA0025361B /* PBXContainerItemProxy */ = {
			isa = PBXContainerItemProxy;
			containerPortal = 6BFAC51F2AB569DC0025361B /* Project object */;
			proxyType = 1;
			remoteGlobalIDString = 6BFAC5262AB569DC0025361B;
			remoteInfo = KAppStoreSearch;
		};
/* End PBXContainerItemProxy section */

/* Begin PBXFileReference section */
		6B37AABF2AB630F000C9EB8D /* SearchResultTableViewCell.swift */ = {isa = PBXFileReference; lastKnownFileType = sourcecode.swift; path = SearchResultTableViewCell.swift; sourceTree = "<group>"; };
		6BFAC5272AB569DC0025361B /* KAppStoreSearch.app */ = {isa = PBXFileReference; explicitFileType = wrapper.application; includeInIndex = 0; path = KAppStoreSearch.app; sourceTree = BUILT_PRODUCTS_DIR; };
		6BFAC52A2AB569DC0025361B /* AppDelegate.swift */ = {isa = PBXFileReference; lastKnownFileType = sourcecode.swift; path = AppDelegate.swift; sourceTree = "<group>"; };
		6BFAC52C2AB569DC0025361B /* SceneDelegate.swift */ = {isa = PBXFileReference; lastKnownFileType = sourcecode.swift; path = SceneDelegate.swift; sourceTree = "<group>"; };
		6BFAC52E2AB569DC0025361B /* SearchViewController.swift */ = {isa = PBXFileReference; lastKnownFileType = sourcecode.swift; path = SearchViewController.swift; sourceTree = "<group>"; };
		6BFAC5312AB569DC0025361B /* Base */ = {isa = PBXFileReference; lastKnownFileType = file.storyboard; name = Base; path = Base.lproj/Main.storyboard; sourceTree = "<group>"; };
		6BFAC5332AB569DE0025361B /* Assets.xcassets */ = {isa = PBXFileReference; lastKnownFileType = folder.assetcatalog; path = Assets.xcassets; sourceTree = "<group>"; };
		6BFAC5362AB569DE0025361B /* Base */ = {isa = PBXFileReference; lastKnownFileType = file.storyboard; name = Base; path = Base.lproj/LaunchScreen.storyboard; sourceTree = "<group>"; };
		6BFAC5382AB569DE0025361B /* Info.plist */ = {isa = PBXFileReference; lastKnownFileType = text.plist.xml; path = Info.plist; sourceTree = "<group>"; };
		6BFAC5442AB582230025361B /* TabBarController.swift */ = {isa = PBXFileReference; lastKnownFileType = sourcecode.swift; path = TabBarController.swift; sourceTree = "<group>"; };
		6BFAC5472AB597A60025361B /* SearchResultViewController.swift */ = {isa = PBXFileReference; lastKnownFileType = sourcecode.swift; path = SearchResultViewController.swift; sourceTree = "<group>"; };
		6BFAC5492AB598D90025361B /* API.swift */ = {isa = PBXFileReference; lastKnownFileType = sourcecode.swift; path = API.swift; sourceTree = "<group>"; };
		6BFAC54B2AB5C0F70025361B /* RecentSearchTextTableViewCell.swift */ = {isa = PBXFileReference; lastKnownFileType = sourcecode.swift; path = RecentSearchTextTableViewCell.swift; sourceTree = "<group>"; };
		6BFAC54D2AB5C1150025361B /* CellIdentifier.swift */ = {isa = PBXFileReference; lastKnownFileType = sourcecode.swift; path = CellIdentifier.swift; sourceTree = "<group>"; };
		6BFAC5502AB5D5550025361B /* UserDefaults+.swift */ = {isa = PBXFileReference; lastKnownFileType = sourcecode.swift; path = "UserDefaults+.swift"; sourceTree = "<group>"; };
		6BFAC5562AB5D6A90025361B /* KAppStoreSearchTests.xctest */ = {isa = PBXFileReference; explicitFileType = wrapper.cfbundle; includeInIndex = 0; path = KAppStoreSearchTests.xctest; sourceTree = BUILT_PRODUCTS_DIR; };
		6BFAC5582AB5D6AA0025361B /* KAppStoreSearchTests.swift */ = {isa = PBXFileReference; lastKnownFileType = sourcecode.swift; path = KAppStoreSearchTests.swift; sourceTree = "<group>"; };
/* End PBXFileReference section */

/* Begin PBXFrameworksBuildPhase section */
		6BFAC5242AB569DC0025361B /* Frameworks */ = {
			isa = PBXFrameworksBuildPhase;
			buildActionMask = 2147483647;
			files = (
				6BFAC5402AB57FD30025361B /* SnapKit in Frameworks */,
				6BFAC5432AB57FDC0025361B /* Then in Frameworks */,
			);
			runOnlyForDeploymentPostprocessing = 0;
		};
		6BFAC5532AB5D6A90025361B /* Frameworks */ = {
			isa = PBXFrameworksBuildPhase;
			buildActionMask = 2147483647;
			files = (
			);
			runOnlyForDeploymentPostprocessing = 0;
		};
/* End PBXFrameworksBuildPhase section */

/* Begin PBXGroup section */
		6BFAC51E2AB569DC0025361B = {
			isa = PBXGroup;
			children = (
				6BFAC5292AB569DC0025361B /* KAppStoreSearch */,
				6BFAC5572AB5D6AA0025361B /* KAppStoreSearchTests */,
				6BFAC5282AB569DC0025361B /* Products */,
			);
			sourceTree = "<group>";
		};
		6BFAC5282AB569DC0025361B /* Products */ = {
			isa = PBXGroup;
			children = (
				6BFAC5272AB569DC0025361B /* KAppStoreSearch.app */,
				6BFAC5562AB5D6A90025361B /* KAppStoreSearchTests.xctest */,
			);
			name = Products;
			sourceTree = "<group>";
		};
		6BFAC5292AB569DC0025361B /* KAppStoreSearch */ = {
			isa = PBXGroup;
			children = (
				6BFAC52A2AB569DC0025361B /* AppDelegate.swift */,
				6BFAC52C2AB569DC0025361B /* SceneDelegate.swift */,
				6BFAC5442AB582230025361B /* TabBarController.swift */,
				6BFAC5492AB598D90025361B /* API.swift */,
				6BFAC54D2AB5C1150025361B /* CellIdentifier.swift */,
				6BFAC54F2AB5D5370025361B /* Extension */,
				6BFAC5462AB5979A0025361B /* Search */,
				6BFAC5302AB569DC0025361B /* Main.storyboard */,
				6BFAC5332AB569DE0025361B /* Assets.xcassets */,
				6BFAC5352AB569DE0025361B /* LaunchScreen.storyboard */,
				6BFAC5382AB569DE0025361B /* Info.plist */,
			);
			path = KAppStoreSearch;
			sourceTree = "<group>";
		};
		6BFAC5462AB5979A0025361B /* Search */ = {
			isa = PBXGroup;
			children = (
				6BFAC52E2AB569DC0025361B /* SearchViewController.swift */,
				6BFAC5472AB597A60025361B /* SearchResultViewController.swift */,
				6BFAC54B2AB5C0F70025361B /* RecentSearchTextTableViewCell.swift */,
				6B37AABF2AB630F000C9EB8D /* SearchResultTableViewCell.swift */,
			);
			path = Search;
			sourceTree = "<group>";
		};
		6BFAC54F2AB5D5370025361B /* Extension */ = {
			isa = PBXGroup;
			children = (
				6BFAC5502AB5D5550025361B /* UserDefaults+.swift */,
			);
			path = Extension;
			sourceTree = "<group>";
		};
		6BFAC5572AB5D6AA0025361B /* KAppStoreSearchTests */ = {
			isa = PBXGroup;
			children = (
				6BFAC5582AB5D6AA0025361B /* KAppStoreSearchTests.swift */,
			);
			path = KAppStoreSearchTests;
			sourceTree = "<group>";
		};
/* End PBXGroup section */

/* Begin PBXNativeTarget section */
		6BFAC5262AB569DC0025361B /* KAppStoreSearch */ = {
			isa = PBXNativeTarget;
			buildConfigurationList = 6BFAC53B2AB569DE0025361B /* Build configuration list for PBXNativeTarget "KAppStoreSearch" */;
			buildPhases = (
				6BFAC5232AB569DC0025361B /* Sources */,
				6BFAC5242AB569DC0025361B /* Frameworks */,
				6BFAC5252AB569DC0025361B /* Resources */,
			);
			buildRules = (
			);
			dependencies = (
			);
			name = KAppStoreSearch;
			packageProductDependencies = (
				6BFAC53F2AB57FD30025361B /* SnapKit */,
				6BFAC5422AB57FDC0025361B /* Then */,
			);
			productName = KAppStoreSearch;
			productReference = 6BFAC5272AB569DC0025361B /* KAppStoreSearch.app */;
			productType = "com.apple.product-type.application";
		};
		6BFAC5552AB5D6A90025361B /* KAppStoreSearchTests */ = {
			isa = PBXNativeTarget;
			buildConfigurationList = 6BFAC55C2AB5D6AA0025361B /* Build configuration list for PBXNativeTarget "KAppStoreSearchTests" */;
			buildPhases = (
				6BFAC5522AB5D6A90025361B /* Sources */,
				6BFAC5532AB5D6A90025361B /* Frameworks */,
				6BFAC5542AB5D6A90025361B /* Resources */,
			);
			buildRules = (
			);
			dependencies = (
				6BFAC55B2AB5D6AA0025361B /* PBXTargetDependency */,
			);
			name = KAppStoreSearchTests;
			productName = KAppStoreSearchTests;
			productReference = 6BFAC5562AB5D6A90025361B /* KAppStoreSearchTests.xctest */;
			productType = "com.apple.product-type.bundle.unit-test";
		};
/* End PBXNativeTarget section */

/* Begin PBXProject section */
		6BFAC51F2AB569DC0025361B /* Project object */ = {
			isa = PBXProject;
			attributes = {
				BuildIndependentTargetsInParallel = 1;
				LastSwiftUpdateCheck = 1430;
				LastUpgradeCheck = 1430;
				TargetAttributes = {
					6BFAC5262AB569DC0025361B = {
						CreatedOnToolsVersion = 14.3.1;
					};
					6BFAC5552AB5D6A90025361B = {
						CreatedOnToolsVersion = 14.3.1;
						TestTargetID = 6BFAC5262AB569DC0025361B;
					};
				};
			};
			buildConfigurationList = 6BFAC5222AB569DC0025361B /* Build configuration list for PBXProject "KAppStoreSearch" */;
			compatibilityVersion = "Xcode 14.0";
			developmentRegion = en;
			hasScannedForEncodings = 0;
			knownRegions = (
				en,
				Base,
			);
			mainGroup = 6BFAC51E2AB569DC0025361B;
			packageReferences = (
				6BFAC53E2AB57FD30025361B /* XCRemoteSwiftPackageReference "SnapKit" */,
				6BFAC5412AB57FDC0025361B /* XCRemoteSwiftPackageReference "Then" */,
			);
			productRefGroup = 6BFAC5282AB569DC0025361B /* Products */;
			projectDirPath = "";
			projectRoot = "";
			targets = (
				6BFAC5262AB569DC0025361B /* KAppStoreSearch */,
				6BFAC5552AB5D6A90025361B /* KAppStoreSearchTests */,
			);
		};
/* End PBXProject section */

/* Begin PBXResourcesBuildPhase section */
		6BFAC5252AB569DC0025361B /* Resources */ = {
			isa = PBXResourcesBuildPhase;
			buildActionMask = 2147483647;
			files = (
				6BFAC5372AB569DE0025361B /* LaunchScreen.storyboard in Resources */,
				6BFAC5342AB569DE0025361B /* Assets.xcassets in Resources */,
				6BFAC5322AB569DC0025361B /* Main.storyboard in Resources */,
			);
			runOnlyForDeploymentPostprocessing = 0;
		};
		6BFAC5542AB5D6A90025361B /* Resources */ = {
			isa = PBXResourcesBuildPhase;
			buildActionMask = 2147483647;
			files = (
			);
			runOnlyForDeploymentPostprocessing = 0;
		};
/* End PBXResourcesBuildPhase section */

/* Begin PBXSourcesBuildPhase section */
		6BFAC5232AB569DC0025361B /* Sources */ = {
			isa = PBXSourcesBuildPhase;
			buildActionMask = 2147483647;
			files = (
				6BFAC54C2AB5C0F70025361B /* RecentSearchTextTableViewCell.swift in Sources */,
				6BFAC5512AB5D5550025361B /* UserDefaults+.swift in Sources */,
				6BFAC54A2AB598D90025361B /* API.swift in Sources */,
				6BFAC54E2AB5C1150025361B /* CellIdentifier.swift in Sources */,
				6BFAC52F2AB569DC0025361B /* SearchViewController.swift in Sources */,
				6BFAC5452AB582230025361B /* TabBarController.swift in Sources */,
				6B37AAC02AB630F000C9EB8D /* SearchResultTableViewCell.swift in Sources */,
				6BFAC52B2AB569DC0025361B /* AppDelegate.swift in Sources */,
				6BFAC52D2AB569DC0025361B /* SceneDelegate.swift in Sources */,
				6BFAC5482AB597A60025361B /* SearchResultViewController.swift in Sources */,
			);
			runOnlyForDeploymentPostprocessing = 0;
		};
		6BFAC5522AB5D6A90025361B /* Sources */ = {
			isa = PBXSourcesBuildPhase;
			buildActionMask = 2147483647;
			files = (
				6BFAC55F2AB5D7610025361B /* UserDefaults+.swift in Sources */,
				6BFAC5592AB5D6AA0025361B /* KAppStoreSearchTests.swift in Sources */,
			);
			runOnlyForDeploymentPostprocessing = 0;
		};
/* End PBXSourcesBuildPhase section */

/* Begin PBXTargetDependency section */
		6BFAC55B2AB5D6AA0025361B /* PBXTargetDependency */ = {
			isa = PBXTargetDependency;
			target = 6BFAC5262AB569DC0025361B /* KAppStoreSearch */;
			targetProxy = 6BFAC55A2AB5D6AA0025361B /* PBXContainerItemProxy */;
		};
/* End PBXTargetDependency section */

/* Begin PBXVariantGroup section */
		6BFAC5302AB569DC0025361B /* Main.storyboard */ = {
			isa = PBXVariantGroup;
			children = (
				6BFAC5312AB569DC0025361B /* Base */,
			);
			name = Main.storyboard;
			sourceTree = "<group>";
		};
		6BFAC5352AB569DE0025361B /* LaunchScreen.storyboard */ = {
			isa = PBXVariantGroup;
			children = (
				6BFAC5362AB569DE0025361B /* Base */,
			);
			name = LaunchScreen.storyboard;
			sourceTree = "<group>";
		};
/* End PBXVariantGroup section */

/* Begin XCBuildConfiguration section */
		6BFAC5392AB569DE0025361B /* Debug */ = {
			isa = XCBuildConfiguration;
			buildSettings = {
				ALWAYS_SEARCH_USER_PATHS = NO;
				CLANG_ANALYZER_NONNULL = YES;
				CLANG_ANALYZER_NUMBER_OBJECT_CONVERSION = YES_AGGRESSIVE;
				CLANG_CXX_LANGUAGE_STANDARD = "gnu++20";
				CLANG_ENABLE_MODULES = YES;
				CLANG_ENABLE_OBJC_ARC = YES;
				CLANG_ENABLE_OBJC_WEAK = YES;
				CLANG_WARN_BLOCK_CAPTURE_AUTORELEASING = YES;
				CLANG_WARN_BOOL_CONVERSION = YES;
				CLANG_WARN_COMMA = YES;
				CLANG_WARN_CONSTANT_CONVERSION = YES;
				CLANG_WARN_DEPRECATED_OBJC_IMPLEMENTATIONS = YES;
				CLANG_WARN_DIRECT_OBJC_ISA_USAGE = YES_ERROR;
				CLANG_WARN_DOCUMENTATION_COMMENTS = YES;
				CLANG_WARN_EMPTY_BODY = YES;
				CLANG_WARN_ENUM_CONVERSION = YES;
				CLANG_WARN_INFINITE_RECURSION = YES;
				CLANG_WARN_INT_CONVERSION = YES;
				CLANG_WARN_NON_LITERAL_NULL_CONVERSION = YES;
				CLANG_WARN_OBJC_IMPLICIT_RETAIN_SELF = YES;
				CLANG_WARN_OBJC_LITERAL_CONVERSION = YES;
				CLANG_WARN_OBJC_ROOT_CLASS = YES_ERROR;
				CLANG_WARN_QUOTED_INCLUDE_IN_FRAMEWORK_HEADER = YES;
				CLANG_WARN_RANGE_LOOP_ANALYSIS = YES;
				CLANG_WARN_STRICT_PROTOTYPES = YES;
				CLANG_WARN_SUSPICIOUS_MOVE = YES;
				CLANG_WARN_UNGUARDED_AVAILABILITY = YES_AGGRESSIVE;
				CLANG_WARN_UNREACHABLE_CODE = YES;
				CLANG_WARN__DUPLICATE_METHOD_MATCH = YES;
				COPY_PHASE_STRIP = NO;
				DEBUG_INFORMATION_FORMAT = dwarf;
				ENABLE_STRICT_OBJC_MSGSEND = YES;
				ENABLE_TESTABILITY = YES;
				GCC_C_LANGUAGE_STANDARD = gnu11;
				GCC_DYNAMIC_NO_PIC = NO;
				GCC_NO_COMMON_BLOCKS = YES;
				GCC_OPTIMIZATION_LEVEL = 0;
				GCC_PREPROCESSOR_DEFINITIONS = (
					"DEBUG=1",
					"$(inherited)",
				);
				GCC_WARN_64_TO_32_BIT_CONVERSION = YES;
				GCC_WARN_ABOUT_RETURN_TYPE = YES_ERROR;
				GCC_WARN_UNDECLARED_SELECTOR = YES;
				GCC_WARN_UNINITIALIZED_AUTOS = YES_AGGRESSIVE;
				GCC_WARN_UNUSED_FUNCTION = YES;
				GCC_WARN_UNUSED_VARIABLE = YES;
				IPHONEOS_DEPLOYMENT_TARGET = 13.0;
				MTL_ENABLE_DEBUG_INFO = INCLUDE_SOURCE;
				MTL_FAST_MATH = YES;
				ONLY_ACTIVE_ARCH = YES;
				SDKROOT = iphoneos;
				SWIFT_ACTIVE_COMPILATION_CONDITIONS = DEBUG;
				SWIFT_OPTIMIZATION_LEVEL = "-Onone";
			};
			name = Debug;
		};
		6BFAC53A2AB569DE0025361B /* Release */ = {
			isa = XCBuildConfiguration;
			buildSettings = {
				ALWAYS_SEARCH_USER_PATHS = NO;
				CLANG_ANALYZER_NONNULL = YES;
				CLANG_ANALYZER_NUMBER_OBJECT_CONVERSION = YES_AGGRESSIVE;
				CLANG_CXX_LANGUAGE_STANDARD = "gnu++20";
				CLANG_ENABLE_MODULES = YES;
				CLANG_ENABLE_OBJC_ARC = YES;
				CLANG_ENABLE_OBJC_WEAK = YES;
				CLANG_WARN_BLOCK_CAPTURE_AUTORELEASING = YES;
				CLANG_WARN_BOOL_CONVERSION = YES;
				CLANG_WARN_COMMA = YES;
				CLANG_WARN_CONSTANT_CONVERSION = YES;
				CLANG_WARN_DEPRECATED_OBJC_IMPLEMENTATIONS = YES;
				CLANG_WARN_DIRECT_OBJC_ISA_USAGE = YES_ERROR;
				CLANG_WARN_DOCUMENTATION_COMMENTS = YES;
				CLANG_WARN_EMPTY_BODY = YES;
				CLANG_WARN_ENUM_CONVERSION = YES;
				CLANG_WARN_INFINITE_RECURSION = YES;
				CLANG_WARN_INT_CONVERSION = YES;
				CLANG_WARN_NON_LITERAL_NULL_CONVERSION = YES;
				CLANG_WARN_OBJC_IMPLICIT_RETAIN_SELF = YES;
				CLANG_WARN_OBJC_LITERAL_CONVERSION = YES;
				CLANG_WARN_OBJC_ROOT_CLASS = YES_ERROR;
				CLANG_WARN_QUOTED_INCLUDE_IN_FRAMEWORK_HEADER = YES;
				CLANG_WARN_RANGE_LOOP_ANALYSIS = YES;
				CLANG_WARN_STRICT_PROTOTYPES = YES;
				CLANG_WARN_SUSPICIOUS_MOVE = YES;
				CLANG_WARN_UNGUARDED_AVAILABILITY = YES_AGGRESSIVE;
				CLANG_WARN_UNREACHABLE_CODE = YES;
				CLANG_WARN__DUPLICATE_METHOD_MATCH = YES;
				COPY_PHASE_STRIP = NO;
				DEBUG_INFORMATION_FORMAT = "dwarf-with-dsym";
				ENABLE_NS_ASSERTIONS = NO;
				ENABLE_STRICT_OBJC_MSGSEND = YES;
				GCC_C_LANGUAGE_STANDARD = gnu11;
				GCC_NO_COMMON_BLOCKS = YES;
				GCC_WARN_64_TO_32_BIT_CONVERSION = YES;
				GCC_WARN_ABOUT_RETURN_TYPE = YES_ERROR;
				GCC_WARN_UNDECLARED_SELECTOR = YES;
				GCC_WARN_UNINITIALIZED_AUTOS = YES_AGGRESSIVE;
				GCC_WARN_UNUSED_FUNCTION = YES;
				GCC_WARN_UNUSED_VARIABLE = YES;
				IPHONEOS_DEPLOYMENT_TARGET = 13.0;
				MTL_ENABLE_DEBUG_INFO = NO;
				MTL_FAST_MATH = YES;
				SDKROOT = iphoneos;
				SWIFT_COMPILATION_MODE = wholemodule;
				SWIFT_OPTIMIZATION_LEVEL = "-O";
				VALIDATE_PRODUCT = YES;
			};
			name = Release;
		};
		6BFAC53C2AB569DE0025361B /* Debug */ = {
			isa = XCBuildConfiguration;
			buildSettings = {
				ASSETCATALOG_COMPILER_APPICON_NAME = AppIcon;
				ASSETCATALOG_COMPILER_GLOBAL_ACCENT_COLOR_NAME = AccentColor;
				CODE_SIGN_STYLE = Automatic;
				CURRENT_PROJECT_VERSION = 1;
				DEVELOPMENT_TEAM = TB9WF4459Q;
				GENERATE_INFOPLIST_FILE = YES;
				INFOPLIST_FILE = KAppStoreSearch/Info.plist;
				INFOPLIST_KEY_UIApplicationSupportsIndirectInputEvents = YES;
				INFOPLIST_KEY_UILaunchStoryboardName = LaunchScreen;
				INFOPLIST_KEY_UISupportedInterfaceOrientations_iPad = "UIInterfaceOrientationPortrait UIInterfaceOrientationPortraitUpsideDown UIInterfaceOrientationLandscapeLeft UIInterfaceOrientationLandscapeRight";
				INFOPLIST_KEY_UISupportedInterfaceOrientations_iPhone = "UIInterfaceOrientationPortrait UIInterfaceOrientationLandscapeLeft UIInterfaceOrientationLandscapeRight";
				LD_RUNPATH_SEARCH_PATHS = (
					"$(inherited)",
					"@executable_path/Frameworks",
				);
				MARKETING_VERSION = 1.0;
				PRODUCT_BUNDLE_IDENTIFIER = YC.KAppStoreSearch;
				PRODUCT_NAME = "$(TARGET_NAME)";
				SWIFT_EMIT_LOC_STRINGS = YES;
				SWIFT_VERSION = 5.0;
				TARGETED_DEVICE_FAMILY = "1,2";
			};
			name = Debug;
		};
		6BFAC53D2AB569DE0025361B /* Release */ = {
			isa = XCBuildConfiguration;
			buildSettings = {
				ASSETCATALOG_COMPILER_APPICON_NAME = AppIcon;
				ASSETCATALOG_COMPILER_GLOBAL_ACCENT_COLOR_NAME = AccentColor;
				CODE_SIGN_STYLE = Automatic;
				CURRENT_PROJECT_VERSION = 1;
				DEVELOPMENT_TEAM = TB9WF4459Q;
				GENERATE_INFOPLIST_FILE = YES;
				INFOPLIST_FILE = KAppStoreSearch/Info.plist;
				INFOPLIST_KEY_UIApplicationSupportsIndirectInputEvents = YES;
				INFOPLIST_KEY_UILaunchStoryboardName = LaunchScreen;
				INFOPLIST_KEY_UISupportedInterfaceOrientations_iPad = "UIInterfaceOrientationPortrait UIInterfaceOrientationPortraitUpsideDown UIInterfaceOrientationLandscapeLeft UIInterfaceOrientationLandscapeRight";
				INFOPLIST_KEY_UISupportedInterfaceOrientations_iPhone = "UIInterfaceOrientationPortrait UIInterfaceOrientationLandscapeLeft UIInterfaceOrientationLandscapeRight";
				LD_RUNPATH_SEARCH_PATHS = (
					"$(inherited)",
					"@executable_path/Frameworks",
				);
				MARKETING_VERSION = 1.0;
				PRODUCT_BUNDLE_IDENTIFIER = YC.KAppStoreSearch;
				PRODUCT_NAME = "$(TARGET_NAME)";
				SWIFT_EMIT_LOC_STRINGS = YES;
				SWIFT_VERSION = 5.0;
				TARGETED_DEVICE_FAMILY = "1,2";
			};
			name = Release;
		};
		6BFAC55D2AB5D6AA0025361B /* Debug */ = {
			isa = XCBuildConfiguration;
			buildSettings = {
				BUNDLE_LOADER = "$(TEST_HOST)";
				CODE_SIGN_STYLE = Automatic;
				CURRENT_PROJECT_VERSION = 1;
				DEVELOPMENT_TEAM = TB9WF4459Q;
				GENERATE_INFOPLIST_FILE = YES;
				IPHONEOS_DEPLOYMENT_TARGET = 16.4;
				MACOSX_DEPLOYMENT_TARGET = 13.3;
				MARKETING_VERSION = 1.0;
				PRODUCT_BUNDLE_IDENTIFIER = YC.KAppStoreSearchTests;
				PRODUCT_NAME = "$(TARGET_NAME)";
				SDKROOT = auto;
				SUPPORTED_PLATFORMS = "iphoneos iphonesimulator macosx";
				SWIFT_EMIT_LOC_STRINGS = NO;
				SWIFT_VERSION = 5.0;
				TARGETED_DEVICE_FAMILY = "1,2";
				TEST_HOST = "$(BUILT_PRODUCTS_DIR)/KAppStoreSearch.app/$(BUNDLE_EXECUTABLE_FOLDER_PATH)/KAppStoreSearch";
			};
			name = Debug;
		};
		6BFAC55E2AB5D6AA0025361B /* Release */ = {
			isa = XCBuildConfiguration;
			buildSettings = {
				BUNDLE_LOADER = "$(TEST_HOST)";
				CODE_SIGN_STYLE = Automatic;
				CURRENT_PROJECT_VERSION = 1;
				DEVELOPMENT_TEAM = TB9WF4459Q;
				GENERATE_INFOPLIST_FILE = YES;
				IPHONEOS_DEPLOYMENT_TARGET = 16.4;
				MACOSX_DEPLOYMENT_TARGET = 13.3;
				MARKETING_VERSION = 1.0;
				PRODUCT_BUNDLE_IDENTIFIER = YC.KAppStoreSearchTests;
				PRODUCT_NAME = "$(TARGET_NAME)";
				SDKROOT = auto;
				SUPPORTED_PLATFORMS = "iphoneos iphonesimulator macosx";
				SWIFT_EMIT_LOC_STRINGS = NO;
				SWIFT_VERSION = 5.0;
				TARGETED_DEVICE_FAMILY = "1,2";
				TEST_HOST = "$(BUILT_PRODUCTS_DIR)/KAppStoreSearch.app/$(BUNDLE_EXECUTABLE_FOLDER_PATH)/KAppStoreSearch";
			};
			name = Release;
		};
/* End XCBuildConfiguration section */

/* Begin XCConfigurationList section */
		6BFAC5222AB569DC0025361B /* Build configuration list for PBXProject "KAppStoreSearch" */ = {
			isa = XCConfigurationList;
			buildConfigurations = (
				6BFAC5392AB569DE0025361B /* Debug */,
				6BFAC53A2AB569DE0025361B /* Release */,
			);
			defaultConfigurationIsVisible = 0;
			defaultConfigurationName = Release;
		};
		6BFAC53B2AB569DE0025361B /* Build configuration list for PBXNativeTarget "KAppStoreSearch" */ = {
			isa = XCConfigurationList;
			buildConfigurations = (
				6BFAC53C2AB569DE0025361B /* Debug */,
				6BFAC53D2AB569DE0025361B /* Release */,
			);
			defaultConfigurationIsVisible = 0;
			defaultConfigurationName = Release;
		};
		6BFAC55C2AB5D6AA0025361B /* Build configuration list for PBXNativeTarget "KAppStoreSearchTests" */ = {
			isa = XCConfigurationList;
			buildConfigurations = (
				6BFAC55D2AB5D6AA0025361B /* Debug */,
				6BFAC55E2AB5D6AA0025361B /* Release */,
			);
			defaultConfigurationIsVisible = 0;
			defaultConfigurationName = Release;
		};
/* End XCConfigurationList section */

/* Begin XCRemoteSwiftPackageReference section */
		6BFAC53E2AB57FD30025361B /* XCRemoteSwiftPackageReference "SnapKit" */ = {
			isa = XCRemoteSwiftPackageReference;
			repositoryURL = "https://github.com/SnapKit/SnapKit.git";
			requirement = {
				kind = upToNextMajorVersion;
				minimumVersion = 5.0.0;
			};
		};
		6BFAC5412AB57FDC0025361B /* XCRemoteSwiftPackageReference "Then" */ = {
			isa = XCRemoteSwiftPackageReference;
			repositoryURL = "https://github.com/devxoul/Then";
			requirement = {
				kind = upToNextMajorVersion;
				minimumVersion = 3.0.0;
			};
		};
/* End XCRemoteSwiftPackageReference section */

/* Begin XCSwiftPackageProductDependency section */
		6BFAC53F2AB57FD30025361B /* SnapKit */ = {
			isa = XCSwiftPackageProductDependency;
			package = 6BFAC53E2AB57FD30025361B /* XCRemoteSwiftPackageReference "SnapKit" */;
			productName = SnapKit;
		};
		6BFAC5422AB57FDC0025361B /* Then */ = {
			isa = XCSwiftPackageProductDependency;
			package = 6BFAC5412AB57FDC0025361B /* XCRemoteSwiftPackageReference "Then" */;
			productName = Then;
		};
/* End XCSwiftPackageProductDependency section */
	};
	rootObject = 6BFAC51F2AB569DC0025361B /* Project object */;
}
